# This file is automatically @generated by Cargo.
# It is not intended for manual editing.
version = 3

[[package]]
name = "anyhow"
version = "1.0.70"
source = "registry+https://github.com/rust-lang/crates.io-index"
checksum = "7de8ce5e0f9f8d88245311066a578d72b7af3e7088f32783804676302df237e4"

[[package]]
name = "libc"
version = "0.1.12"
source = "registry+https://github.com/rust-lang/crates.io-index"
checksum = "e32a70cf75e5846d53a673923498228bbec6a8624708a9ea5645f075d6276122"

[[package]]
name = "rpassword"
version = "0.0.4"
source = "registry+https://github.com/rust-lang/crates.io-index"
checksum = "0a9dde63c78217c24d7f16dc1d60aac012124ba29d7bfa71bda532d4de668f44"
dependencies = [
 "libc",
 "termios",
]

[[package]]
name = "shelloverflow"
version = "0.1.0"
dependencies = [
 "anyhow",
 "rpassword",
]

[[package]]
name = "termios"
version = "0.0.5"
source = "registry+https://github.com/rust-lang/crates.io-index"
checksum = "75071a31761781a74d091387713756966a74ce60eea99a093a5ab3f2cccac3fe"
dependencies = [
 "libc",
]
